GIT
  remote: https://github.com/akicho8/bioshogi.git
  revision: 6af8674c32d80af755d9aeffd0621d3b9f615b5e
  branch: master
  specs:
    bioshogi (0.0.21)
      actionview
      activesupport (>= 7.1.0)
      benchmark
      color (>= 2.0.0)
      faraday
      memory_record
      nkf
      rmagick (>= 5.0.0)
      rubyzip (>= 2.3.0)
      systemu
      table_format
      thor
      tree_support
      zeitwerk

GIT
  remote: https://github.com/akicho8/html_format.git
  revision: 008c7927b3967bb6a3927c23912a400530128cbb
  branch: master
  specs:
    html_format (0.0.11)
      actionpack
      activesupport

GIT
  remote: https://github.com/mbleigh/acts-as-taggable-on.git
  revision: 1df5ac334c7f6321ac6b967fb014f834b3aa1e09
  branch: master
  specs:
    acts-as-taggable-on (13.0.0)
      activerecord (>= 7.1, < 8.2)
      zeitwerk (>= 2.4, < 3.0)

GEM
  remote: https://rubygems.org/
  specs:
    aam (0.0.15)
      activerecord
      activesupport
      rails
      table_format
    action_text-trix (2.1.19)
      railties
    actioncable (8.1.3)
      actionpack (= 8.1.3)
      activesupport (= 8.1.3)
      nio4r (~> 2.0)
      websocket-driver (>= 0.6.1)
      zeitwerk (~> 2.6)
    actionmailbox (8.1.3)
      actionpack (= 8.1.3)
      activejob (= 8.1.3)
      activerecord (= 8.1.3)
      activestorage (= 8.1.3)
      activesupport (= 8.1.3)
      mail (>= 2.8.0)
    actionmailer (8.1.3)
      actionpack (= 8.1.3)
      actionview (= 8.1.3)
      activejob (= 8.1.3)
      activesupport (= 8.1.3)
      mail (>= 2.8.0)
      rails-dom-testing (~> 2.2)
    actionpack (8.1.3)
      actionview (= 8.1.3)
      activesupport (= 8.1.3)
      nokogiri (>= 1.8.5)
      rack (>= 2.2.4)
      rack-session (>= 1.0.1)
      rack-test (>= 0.6.3)
      rails-dom-testing (~> 2.2)
      rails-html-sanitizer (~> 1.6)
      useragent (~> 0.16)
    actiontext (8.1.3)
      action_text-trix (~> 2.1.15)
      actionpack (= 8.1.3)
      activerecord (= 8.1.3)
      activestorage (= 8.1.3)
      activesupport (= 8.1.3)
      globalid (>= 0.6.0)
      nokogiri (>= 1.8.5)
    actionview (8.1.3)
      activesupport (= 8.1.3)
      builder (~> 3.1)
      erubi (~> 1.11)
      rails-dom-testing (~> 2.2)
      rails-html-sanitizer (~> 1.6)
    activejob (8.1.3)
      activesupport (= 8.1.3)
      globalid (>= 0.3.6)
    activemodel (8.1.3)
      activesupport (= 8.1.3)
    activerecord (8.1.3)
      activemodel (= 8.1.3)
      activesupport (= 8.1.3)
      timeout (>= 0.4.0)
    activestorage (8.1.3)
      actionpack (= 8.1.3)
      activejob (= 8.1.3)
      activerecord (= 8.1.3)
      activesupport (= 8.1.3)
      marcel (~> 1.0)
    activesupport (8.1.3)
      base64
      bigdecimal
      concurrent-ruby (~> 1.0, >= 1.3.1)
      connection_pool (>= 2.2.5)
      drb
      i18n (>= 1.6, < 2)
      json
      logger (>= 1.4.2)
      minitest (>= 5.1)
      securerandom (>= 0.3)
      tzinfo (~> 2.0, >= 2.0.5)
      uri (>= 0.13.1)
    acts_as_list (1.2.6)
      activerecord (>= 6.1)
      activesupport (>= 6.1)
    addressable (2.9.0)
      public_suffix (>= 2.0.2, < 8.0)
    airbrussh (1.6.1)
      sshkit (>= 1.6.1, != 1.7.0)
    ast (2.4.3)
    auth-sanitizer (0.2.0)
      version_gem (~> 1.1, >= 1.1.9)
    aws-eventstream (1.4.0)
    aws-partitions (1.1257.0)
    aws-sdk-core (3.251.0)
      aws-eventstream (~> 1, >= 1.3.0)
      aws-partitions (~> 1, >= 1.992.0)
      aws-sigv4 (~> 1.9)
      base64
      bigdecimal
      jmespath (~> 1, >= 1.6.1)
      logger
    aws-sdk-polly (1.126.0)
      aws-sdk-core (~> 3, >= 3.248.0)
      aws-sigv4 (~> 1.5)
    aws-sigv4 (1.12.1)
      aws-eventstream (~> 1, >= 1.0.2)
    base64 (0.3.0)
    bcrypt (3.1.22)
    bcrypt_pbkdf (1.1.2)
    benchmark (0.5.0)
    bigdecimal (4.1.2)
    bindex (0.8.1)
    bootsnap (1.24.6)
      msgpack (~> 1.2)
    brakeman (8.0.4)
      racc
    builder (3.3.0)
    bundler-audit (0.9.3)
      bundler (>= 1.2.0)
      thor (~> 1.0)
    capistrano (3.20.1)
      airbrussh (>= 1.0.0)
      i18n
      rake (>= 10.0.0)
      sshkit (>= 1.9.0)
    capistrano-bundler (2.2.0)
      capistrano (~> 3.1)
    capistrano-maintenance (1.2.1)
      capistrano (>= 3.0)
    capistrano-rails (1.7.0)
      capistrano (~> 3.1)
      capistrano-bundler (>= 1.1, < 3)
    capistrano-rails-console (2.3.0)
      capistrano (>= 3.5.0, < 4.0.0)
      sshkit-interactive (~> 0.3.0)
    capistrano-rbenv (2.2.0)
      capistrano (~> 3.1)
      sshkit (~> 1.3)
    capistrano-yarn (2.0.2)
      capistrano (~> 3.0)
    capybara (3.40.0)
      addressable
      matrix
      mini_mime (>= 0.1.3)
      nokogiri (~> 1.11)
      rack (>= 1.6.0)
      rack-test (>= 0.6.3)
      regexp_parser (>= 1.5, < 3.0)
      xpath (~> 3.2)
    chronic (0.10.2)
    codecov (0.2.12)
      json
      simplecov
    color (2.2.0)
    concurrent-ruby (1.3.6)
    connection_pool (2.5.5)
    crass (1.0.6)
    csv (3.3.5)
    database_cleaner-active_record (2.2.2)
      activerecord (>= 5.a)
      database_cleaner-core (~> 2.0)
    database_cleaner-core (2.1.0)
    date (3.5.1)
    debug (1.11.1)
      irb (~> 1.10)
      reline (>= 0.3.8)
    declarative (0.0.20)
    devise (5.0.4)
      bcrypt (~> 3.0)
      orm_adapter (~> 0.1)
      railties (>= 7.0)
      responders
      warden (~> 1.2.3)
    devise-i18n (1.16.0)
      devise (>= 5.0.0)
      rails-i18n
    devise-i18n-views (0.3.7)
    diff-lcs (1.6.2)
    docile (1.4.1)
    dotenv (3.2.0)
    drb (2.2.3)
    ed25519 (1.4.0)
    erubi (1.13.1)
    event_stream_parser (1.0.0)
    exception_notification (5.0.1)
      actionmailer (>= 7.1, < 9)
      activesupport (>= 7.1, < 9)
    factory_bot (6.6.0)
      activesupport (>= 6.1.0)
    factory_bot_rails (6.5.1)
      factory_bot (~> 6.5)
      railties (>= 6.1.0)
    faraday (1.10.5)
      faraday-em_http (~> 1.0)
      faraday-em_synchrony (~> 1.0)
      faraday-excon (~> 1.1)
      faraday-httpclient (~> 1.0)
      faraday-multipart (~> 1.0)
      faraday-net_http (~> 1.0)
      faraday-net_http_persistent (~> 1.0)
      faraday-patron (~> 1.0)
      faraday-rack (~> 1.0)
      faraday-retry (~> 1.0)
      ruby2_keywords (>= 0.0.4)
    faraday-em_http (1.0.0)
    faraday-em_synchrony (1.0.1)
    faraday-excon (1.1.0)
    faraday-httpclient (1.0.1)
    faraday-multipart (1.2.0)
      multipart-post (~> 2.0)
    faraday-net_http (1.0.2)
    faraday-net_http_persistent (1.2.0)
    faraday-patron (1.0.0)
    faraday-rack (1.0.0)
    faraday-retry (1.0.4)
    faraday_middleware (1.2.1)
      faraday (~> 1.0)
    ffi (1.17.4-aarch64-linux-gnu)
    ffi (1.17.4-aarch64-linux-musl)
    ffi (1.17.4-arm-linux-gnu)
    ffi (1.17.4-arm-linux-musl)
    ffi (1.17.4-arm64-darwin)
    ffi (1.17.4-x86_64-linux-gnu)
    ffi (1.17.4-x86_64-linux-musl)
    gems (1.3.0)
    geom_craft (0.0.2)
    get_process_mem (1.0.0)
      bigdecimal (>= 2.0)
      ffi (~> 1.0)
    gli (2.22.2)
      ostruct
    globalid (1.3.0)
      activesupport (>= 6.1)
    google-api-client (0.53.0)
      google-apis-core (~> 0.1)
      google-apis-generator (~> 0.1)
    google-apis-core (0.18.0)
      addressable (~> 2.5, >= 2.5.1)
      googleauth (~> 1.9)
      httpclient (>= 2.8.3, < 3.a)
      mini_mime (~> 1.0)
      mutex_m
      representable (~> 3.0)
      retriable (>= 2.0, < 4.a)
    google-apis-discovery_v1 (0.20.0)
      google-apis-core (>= 0.15.0, < 2.a)
    google-apis-generator (0.18.0)
      activesupport (>= 5.0)
      gems (~> 1.2)
      google-apis-core (>= 0.15.0, < 2.a)
      google-apis-discovery_v1 (~> 0.18)
      thor (>= 0.20, < 2.a)
    google-cloud-env (2.3.1)
      base64 (~> 0.2)
      faraday (>= 1.0, < 3.a)
    google-logging-utils (0.2.0)
    googleauth (1.17.0)
      faraday (>= 1.0, < 3.a)
      google-cloud-env (~> 2.2)
      google-logging-utils (~> 0.1)
      jwt (>= 1.4, < 4.0)
      os (>= 0.9, < 2.0)
      pstore (~> 0.1)
      signet (>= 0.16, < 2.a)
    hashie (5.1.0)
      logger
    hiredis-client (0.29.0)
      redis-client (= 0.29.0)
    holiday_jp (0.8.1)
    httpclient (2.9.0)
      mutex_m
    i18n (1.14.8)
      concurrent-ruby (~> 1.0)
    image_processing (1.14.0)
      mini_magick (>= 4.9.5, < 6)
      ruby-vips (>= 2.0.17, < 3)
    importmap-rails (2.2.3)
      actionpack (>= 6.0.0)
      activesupport (>= 6.0.0)
      railties (>= 6.0.0)
    io-console (0.8.2)
    irb (1.18.0)
      pp (>= 0.6.0)
      prism (>= 1.3.0)
      rdoc (>= 4.0.0)
      reline (>= 0.4.2)
    jbuilder (2.15.1)
      actionview (>= 7.0.0)
      activesupport (>= 7.0.0)
    jmespath (1.6.2)
    job-iteration (1.15.0)
      activejob (>= 7.1)
    json (2.19.8)
    jwt (3.2.0)
      base64
    kamal (2.11.0)
      activesupport (>= 7.0)
      base64 (~> 0.2)
      bcrypt_pbkdf (~> 1.0)
      concurrent-ruby (~> 1.2)
      dotenv (~> 3.1)
      ed25519 (~> 1.4)
      net-ssh (~> 7.3)
      sshkit (>= 1.23.0, < 2.0)
      thor (~> 1.3)
      zeitwerk (>= 2.6.18, < 3.0)
    kaminari (1.2.2)
      activesupport (>= 4.1.0)
      kaminari-actionview (= 1.2.2)
      kaminari-activerecord (= 1.2.2)
      kaminari-core (= 1.2.2)
    kaminari-actionview (1.2.2)
      actionview
      kaminari-core (= 1.2.2)
    kaminari-activerecord (1.2.2)
      activerecord
      kaminari-core (= 1.2.2)
    kaminari-core (1.2.2)
    language_server-protocol (3.17.0.5)
    lint_roller (1.1.0)
    logger (1.7.0)
    loofah (2.25.1)
      crass (~> 1.0.2)
      nokogiri (>= 1.12.0)
    mail (2.9.0)
      logger
      mini_mime (>= 0.1.1)
      net-imap
      net-pop
      net-smtp
    maintenance_tasks (2.17.0)
      actionpack (>= 7.2)
      activejob (>= 7.2)
      activerecord (>= 7.2)
      csv
      job-iteration (>= 1.3.6)
      railties (>= 7.2)
      zeitwerk (>= 2.6.2)
    marcel (1.2.1)
    matrix (0.4.3)
    memory_record (0.0.22)
      activesupport
    mini_magick (5.3.1)
      logger
    mini_mime (1.1.5)
    minitest (6.0.6)
      drb (~> 2.0)
      prism (~> 1.5)
    minitest-power_assert (0.3.1)
      minitest
      power_assert (>= 1.1)
    msgpack (1.8.1)
    multi_json (1.21.1)
    multi_xml (0.9.1)
      bigdecimal (>= 3.1, < 5)
    multipart-post (2.4.1)
    mutex_m (0.3.0)
    net-imap (0.6.4)
      date
      net-protocol
    net-pop (0.1.2)
      net-protocol
    net-protocol (0.2.2)
      timeout
    net-scp (4.1.0)
      net-ssh (>= 2.6.5, < 8.0.0)
    net-sftp (4.0.0)
      net-ssh (>= 5.0.0, < 8.0.0)
    net-smtp (0.5.1)
      net-protocol
    net-ssh (7.3.2)
    nio4r (2.7.5)
    nkf (0.2.0)
    nokogiri (1.19.3-aarch64-linux-gnu)
      racc (~> 1.4)
    nokogiri (1.19.3-aarch64-linux-musl)
      racc (~> 1.4)
    nokogiri (1.19.3-arm-linux-gnu)
      racc (~> 1.4)
    nokogiri (1.19.3-arm-linux-musl)
      racc (~> 1.4)
    nokogiri (1.19.3-arm64-darwin)
      racc (~> 1.4)
    nokogiri (1.19.3-x86_64-linux-gnu)
      racc (~> 1.4)
    nokogiri (1.19.3-x86_64-linux-musl)
      racc (~> 1.4)
    oauth2 (2.0.20)
      auth-sanitizer (~> 0.1, >= 0.1.3)
      faraday (>= 0.17.3, < 4.0)
      jwt (>= 1.0, < 4.0)
      logger (~> 1.2)
      multi_xml (~> 0.5)
      rack (>= 1.2, < 4)
      snaky_hash (~> 2.0, >= 2.0.4)
      version_gem (~> 1.1, >= 1.1.9)
    observer (0.1.2)
    omniauth (2.1.4)
      hashie (>= 3.4.6)
      logger
      rack (>= 2.2.3)
      rack-protection
    omniauth-github (2.0.1)
      omniauth (~> 2.0)
      omniauth-oauth2 (~> 1.8)
    omniauth-google-oauth2 (1.2.2)
      jwt (>= 2.9.2)
      oauth2 (~> 2.0)
      omniauth (~> 2.0)
      omniauth-oauth2 (~> 1.8)
    omniauth-oauth2 (1.9.0)
      oauth2 (>= 2.0.2, < 3)
      omniauth (~> 2.0)
    omniauth-rails_csrf_protection (2.0.1)
      actionpack (>= 4.2)
      omniauth (~> 2.0)
    omniauth-twitter2 (1.2.0)
      omniauth
      omniauth-oauth2 (~> 1.0)
    orm_adapter (0.5.0)
    os (1.1.4)
    ostruct (0.6.3)
    parallel (2.1.0)
    parser (3.3.11.1)
      ast (~> 2.4.1)
      racc
    pkg-config (1.6.5)
    power_assert (3.0.1)
    pp (0.6.3)
      prettyprint
    prettyprint (0.2.0)
    prism (1.9.0)
    propshaft (1.3.2)
      actionpack (>= 7.0.0)
      activesupport (>= 7.0.0)
      rack
    pstore (0.2.1)
    psych (3.3.4)
    public_suffix (7.0.5)
    puma (8.0.2)
      nio4r (~> 2.0)
    puma_worker_killer (1.0.0)
      bigdecimal (>= 2.0)
      get_process_mem (>= 0.2)
      puma (>= 2.7)
    racc (1.8.1)
    rack (3.2.6)
    rack-cors (3.0.0)
      logger
      rack (>= 3.0.14)
    rack-protection (4.2.1)
      base64 (>= 0.1.0)
      logger (>= 1.6.0)
      rack (>= 3.0.0, < 4)
    rack-session (2.1.2)
      base64 (>= 0.1.0)
      rack (>= 3.0.0)
    rack-test (2.2.0)
      rack (>= 1.3)
    rack-user_agent (0.6.0)
      rack (>= 1.5)
      woothee (>= 1.0.0)
    rackup (2.3.1)
      rack (>= 3)
    rails (8.1.3)
      actioncable (= 8.1.3)
      actionmailbox (= 8.1.3)
      actionmailer (= 8.1.3)
      actionpack (= 8.1.3)
      actiontext (= 8.1.3)
      actionview (= 8.1.3)
      activejob (= 8.1.3)
      activemodel (= 8.1.3)
      activerecord (= 8.1.3)
      activestorage (= 8.1.3)
      activesupport (= 8.1.3)
      bundler (>= 1.15.0)
      railties (= 8.1.3)
    rails-controller-testing (1.0.5)
      actionpack (>= 5.0.1.rc1)
      actionview (>= 5.0.1.rc1)
      activesupport (>= 5.0.1.rc1)
    rails-dom-testing (2.3.0)
      activesupport (>= 5.0.0)
      minitest
      nokogiri (>= 1.6)
    rails-html-sanitizer (1.7.0)
      loofah (~> 2.25)
      nokogiri (>= 1.15.7, != 1.16.7, != 1.16.6, != 1.16.5, != 1.16.4, != 1.16.3, != 1.16.2, != 1.16.1, != 1.16.0.rc1, != 1.16.0)
    rails-i18n (8.1.0)
      i18n (>= 0.7, < 2)
      railties (>= 8.0.0, < 9)
    rails_autolink (1.1.8)
      actionview (> 3.1)
      activesupport (> 3.1)
      railties (> 3.1)
    railties (8.1.3)
      actionpack (= 8.1.3)
      activesupport (= 8.1.3)
      irb (~> 1.13)
      rackup (>= 1.0.0)
      rake (>= 12.2)
      thor (~> 1.0, >= 1.2.2)
      tsort (>= 0.2)
      zeitwerk (~> 2.6)
    rainbow (3.1.1)
    rake (13.4.2)
    rdoc (6.3.4.1)
    redis (5.4.1)
      redis-client (>= 0.22.0)
    redis-client (0.29.0)
      connection_pool
    regexp_parser (2.12.0)
    reline (0.6.3)
      io-console (~> 0.5)
    representable (3.2.0)
      declarative (< 0.1.0)
      trailblazer-option (>= 0.1.1, < 0.2.0)
      uber (< 0.2.0)
    responders (3.2.0)
      actionpack (>= 7.0)
      railties (>= 7.0)
    retriable (3.8.0)
    retryable (3.0.5)
    rexml (3.4.4)
    rmagick (7.0.3)
      observer (~> 0.1)
      pkg-config (~> 1.4)
    rspec (3.13.2)
      rspec-core (~> 3.13.0)
      rspec-expectations (~> 3.13.0)
      rspec-mocks (~> 3.13.0)
    rspec-core (3.13.6)
      rspec-support (~> 3.13.0)
    rspec-expectations (3.13.5)
      diff-lcs (>= 1.2.0, < 2.0)
      rspec-support (~> 3.13.0)
    rspec-mocks (3.13.8)
      diff-lcs (>= 1.2.0, < 2.0)
      rspec-support (~> 3.13.0)
    rspec-rails (8.0.4)
      actionpack (>= 7.2)
      activesupport (>= 7.2)
      railties (>= 7.2)
      rspec-core (>= 3.13.0, < 5.0.0)
      rspec-expectations (>= 3.13.0, < 5.0.0)
      rspec-mocks (>= 3.13.0, < 5.0.0)
      rspec-support (>= 3.13.0, < 5.0.0)
    rspec-support (3.13.7)
    rubocop (1.87.0)
      json (~> 2.3)
      language_server-protocol (~> 3.17.0.2)
      lint_roller (~> 1.1.0)
      parallel (>= 1.10)
      parser (>= 3.3.0.2)
      rainbow (>= 2.2.2, < 4.0)
      regexp_parser (>= 2.9.3, < 3.0)
      rubocop-ast (>= 1.49.0, < 2.0)
      ruby-progressbar (~> 1.7)
      unicode-display_width (>= 2.4.0, < 4.0)
    rubocop-ast (1.49.1)
      parser (>= 3.3.7.2)
      prism (~> 1.7)
    rubocop-performance (1.26.1)
      lint_roller (~> 1.1)
      rubocop (>= 1.75.0, < 2.0)
      rubocop-ast (>= 1.47.1, < 2.0)
    rubocop-rails (2.35.3)
      activesupport (>= 4.2.0)
      lint_roller (~> 1.1)
      rack (>= 1.1)
      rubocop (>= 1.75.0, < 2.0)
      rubocop-ast (>= 1.44.0, < 2.0)
    rubocop-rails-omakase (1.1.0)
      rubocop (>= 1.72)
      rubocop-performance (>= 1.24)
      rubocop-rails (>= 2.30)
    ruby-openai (8.3.0)
      event_stream_parser (>= 0.3.0, < 2.0.0)
      faraday (>= 1)
      faraday-multipart (>= 1)
    ruby-progressbar (1.13.0)
    ruby-vips (2.3.0)
      ffi (~> 1.12)
      logger
    ruby2_keywords (0.0.5)
    rubyzip (2.3.2)
    securerandom (0.4.1)
    selenium-webdriver (4.44.0)
      base64 (~> 0.2)
      logger (~> 1.4)
      rexml (~> 3.2, >= 3.2.5)
      rubyzip (>= 1.2.2, < 4.0)
      websocket (~> 1.0)
    sidekiq (7.3.10)
      base64
      connection_pool (>= 2.3.0, < 3)
      logger
      rack (>= 2.2.4, < 3.3)
      redis-client (>= 0.23.0, < 1)
    signet (0.22.0)
      addressable (~> 2.8)
      faraday (>= 0.17.5, < 3.a)
      jwt (>= 1.5, < 4.0)
    simplecov (0.22.0)
      docile (~> 1.1)
      simplecov-html (~> 0.11)
      simplecov_json_formatter (~> 0.1)
    simplecov-html (0.13.2)
    simplecov_json_formatter (0.1.4)
    slack-notifier (2.4.0)
    slack-ruby-client (1.0.0)
      faraday (>= 1.0)
      faraday_middleware
      gli
      hashie
      websocket-driver
    snaky_hash (2.0.4)
      hashie (>= 0.1.0, < 6)
      version_gem (>= 1.1.8, < 3)
    sshkit (1.25.0)
      base64
      logger
      net-scp (>= 1.1.2)
      net-sftp (>= 2.1.2)
      net-ssh (>= 2.8.0)
      ostruct
    sshkit-interactive (0.3.0)
      sshkit (~> 1.12)
    stimulus-rails (1.3.4)
      railties (>= 6.0.0)
    systemu (2.6.5)
    table_format (0.0.17)
      activesupport
      nkf
    tailwindcss-rails (4.4.0)
      railties (>= 7.0.0)
      tailwindcss-ruby (~> 4.0)
    tailwindcss-ruby (4.3.0)
    tailwindcss-ruby (4.3.0-aarch64-linux-gnu)
    tailwindcss-ruby (4.3.0-aarch64-linux-musl)
    tailwindcss-ruby (4.3.0-arm64-darwin)
    tailwindcss-ruby (4.3.0-x86_64-linux-gnu)
    tailwindcss-ruby (4.3.0-x86_64-linux-musl)
    thor (1.5.0)
    thruster (0.1.21)
    thruster (0.1.21-aarch64-linux)
    thruster (0.1.21-arm64-darwin)
    thruster (0.1.21-x86_64-linux)
    timecop (0.9.11)
    timeout (0.6.1)
    trailblazer-option (0.1.2)
    tree_support (0.1.9)
      activesupport
    trilogy (2.12.5)
      bigdecimal
    tsort (0.2.0)
    turbo-rails (2.0.23)
      actionpack (>= 7.1.0)
      railties (>= 7.1.0)
    tzinfo (2.0.6)
      concurrent-ruby (~> 1.0)
    uber (0.1.0)
    unicode-display_width (3.2.0)
      unicode-emoji (~> 4.1)
    unicode-emoji (4.2.0)
    uri (1.1.1)
    useragent (0.16.11)
    version_gem (1.1.10)
    warden (1.2.9)
      rack (>= 2.0.9)
    web-console (4.3.0)
      actionview (>= 8.0.0)
      bindex (>= 0.4.0)
      railties (>= 8.0.0)
    websocket (1.2.11)
    websocket-driver (0.8.1)
      base64
      websocket-extensions (>= 0.1.0)
    websocket-extensions (0.1.5)
    whenever (1.1.2)
      chronic (>= 0.6.3)
    woothee (1.13.0)
    xpath (3.2.0)
      nokogiri (~> 1.8)
    zeitwerk (2.8.2)

PLATFORMS
  aarch64-linux
  aarch64-linux-gnu
  aarch64-linux-musl
  arm-linux-gnu
  arm-linux-musl
  arm64-darwin-23
  arm64-darwin-24
  x86_64-linux
  x86_64-linux-gnu
  x86_64-linux-musl

DEPENDENCIES
  aam
  acts-as-taggable-on!
  acts_as_list
  aws-sdk-polly
  bcrypt
  bcrypt_pbkdf
  benchmark
  bioshogi!
  bootsnap
  brakeman
  bundler-audit
  capistrano
  capistrano-maintenance
  capistrano-rails
  capistrano-rails-console
  capistrano-rbenv
  capistrano-yarn
  capybara
  codecov
  color (>= 2)
  connection_pool (< 3.0.0)
  database_cleaner-active_record
  debug
  devise
  devise-i18n
  devise-i18n-views
  diff-lcs (< 2)
  ed25519
  exception_notification
  factory_bot_rails
  faraday
  faraday_middleware
  geom_craft
  google-api-client
  hiredis-client
  holiday_jp
  html_format!
  image_processing (~> 1.2)
  importmap-rails
  jbuilder
  kamal
  kaminari
  maintenance_tasks
  matrix
  memory_record
  minitest-power_assert
  multi_json
  nkf
  nokogiri (>= 1.19.1)
  omniauth-github
  omniauth-google-oauth2
  omniauth-rails_csrf_protection
  omniauth-twitter2
  pp
  propshaft
  psych (~> 3)
  puma (>= 6)
  puma_worker_killer
  rack-cors
  rack-user_agent
  rails (~> 8.1.2)
  rails-controller-testing
  rails_autolink
  redis (>= 5.4.1)
  retryable
  rmagick
  rspec
  rspec-core
  rspec-expectations
  rspec-mocks
  rspec-rails
  rspec-support
  rubocop-rails-omakase
  ruby-openai
  rubyzip (~> 2.3.0)
  selenium-webdriver
  sidekiq (~> 7)
  slack-notifier
  slack-ruby-client
  stimulus-rails
  systemu
  table_format
  tailwindcss-rails
  thruster
  timecop
  tree_support
  trilogy
  turbo-rails
  web-console
  whenever

CHECKSUMS
  aam (0.0.15) sha256=fcf4f6b44955257934e525d9bf7f94dd10415d41a5b6c1dfe290b64b561b81ad
  action_text-trix (2.1.19) sha256=7012f59421009cf284aa651294896414d653a61a2417c9b8714c8476d2f74009
  actioncable (8.1.3) sha256=e5bc7f75e44e6a22de29c4f43176927c3a9ce4824464b74ed18d8226e75a80f0
  actionmailbox (8.1.3) sha256=df7da474eaa0e70df4ed5a6fef66eb3b3b0f2dbf7f14518deee8d77f1b4aae59
  actionmailer (8.1.3) sha256=831f724891bb70d0aaa4d76581a6321124b6a752cb655c9346aae5479318448d
  actionpack (8.1.3) sha256=af998cae4d47c5d581a2cc363b5c77eb718b7c4b45748d81b1887b25621c29a3
  actiontext (8.1.3) sha256=d291019c00e1ea9e6463011fa214f6081a56d7b9a1d224e7d3f6384c1dafc7d2
  actionview (8.1.3) sha256=1347c88c7f3edb38100c5ce0e9fb5e62d7755f3edc1b61cce2eb0b2c6ea2fd5d
  activejob (8.1.3) sha256=a149b1766aa8204c3c3da7309e4becd40fcd5529c348cffbf6c9b16b565fe8d3
  activemodel (8.1.3) sha256=90c05cbe4cef3649b8f79f13016191ea94c4525ce4a5c0fb7ef909c4b91c8219
  activerecord (8.1.3) sha256=8003be7b2466ba0a2a670e603eeb0a61dd66058fccecfc49901e775260ac70ab
  activestorage (8.1.3) sha256=0564ce9309143951a67615e1bb4e090ee54b8befed417133cae614479b46384d
  activesupport (8.1.3) sha256=21a5e0dfbd4c3ddd9e1317ec6a4d782fa226e7867dc70b0743acda81a1dca20e
  acts-as-taggable-on (13.0.0)
  acts_as_list (1.2.6) sha256=8345380900b7bee620c07ad00991ccee59af3d8c9e8574f426e321da2865fdc8
  addressable (2.9.0) sha256=7fdf6ac3660f7f4e867a0838be3f6cf722ace541dd97767fa42bc6cfa980c7af
  airbrussh (1.6.1) sha256=9a5fc95583cefe722054a016d26ff0338cf00072b031b829086dde2039d5836a
  ast (2.4.3) sha256=954615157c1d6a382bc27d690d973195e79db7f55e9765ac7c481c60bdb4d383
  auth-sanitizer (0.2.0) sha256=3b9763c1156546a5982d5d71a7904fb292a14ca2b9bd3f959061f22d732b60a0
  aws-eventstream (1.4.0) sha256=116bf85c436200d1060811e6f5d2d40c88f65448f2125bc77ffce5121e6e183b
  aws-partitions (1.1257.0) sha256=03c531f40fdd979a9ae2aae70140c60e59000e6f62a60b3d6171b78cdded960c
  aws-sdk-core (3.251.0) sha256=ef8186cb5509147e590310da58fab4c5b0901eba0e85a72955abdf772e425c87
  aws-sdk-polly (1.126.0) sha256=3a50c46c7542231137d2551b8f801d70853f1880a35b6fa8c9df1121cad77a8a
  aws-sigv4 (1.12.1) sha256=6973ff95cb0fd0dc58ba26e90e9510a2219525d07620c8babeb70ef831826c00
  base64 (0.3.0) sha256=27337aeabad6ffae05c265c450490628ef3ebd4b67be58257393227588f5a97b
  bcrypt (3.1.22) sha256=1f0072e88c2d705d94aff7f2c5cb02eb3f1ec4b8368671e19112527489f29032
  bcrypt_pbkdf (1.1.2) sha256=c2414c23ce66869b3eb9f643d6a3374d8322dfb5078125c82792304c10b94cf6
  benchmark (0.5.0) sha256=465df122341aedcb81a2a24b4d3bd19b6c67c1530713fd533f3ff034e419236c
  bigdecimal (4.1.2) sha256=53d217666027eab4280346fba98e7d5b66baaae1b9c3c1c0ffe89d48188a3fbd
  bindex (0.8.1) sha256=7b1ecc9dc539ed8bccfc8cb4d2732046227b09d6f37582ff12e50a5047ceb17e
  bioshogi (0.0.21)
  bootsnap (1.24.6) sha256=c60bab88c70332290f0a2636a288f675299eb4f804a02a3c085b42eca9da164a
  brakeman (8.0.4) sha256=7bf921fa9638544835df9aa7b3e720a9a72c0267f34f92135955edd80d4dcf6f
  builder (3.3.0) sha256=497918d2f9dca528fdca4b88d84e4ef4387256d984b8154e9d5d3fe5a9c8835f
  bundler (4.0.12) sha256=7f8b757d28dfb636e7b24fba2344ac6dd13b5b24f4b46d62573d483f211825ac
  bundler-audit (0.9.3) sha256=81c8766c71e47d0d28a0f98c7eed028539f21a6ea3cd8f685eb6f42333c9b4e9
  capistrano (3.20.1) sha256=b0d54ba5cf49bb194998bf6b427e889aa36ed05f545ecf7cc37acb9d529e9ae9
  capistrano-bundler (2.2.0) sha256=47b4cf2ea17ea132bb0a5cabc5663443f5190a54f4da5b322d04e1558ff1468c
  capistrano-maintenance (1.2.1) sha256=7cc8a2d06900482175de4cded8d52a7d723d16a9c542e87f26a91648f317885a
  capistrano-rails (1.7.0) sha256=aca57455e8c5435785e0f938e16aa5b79c263694a755e1dca1c5d1743b40aae7
  capistrano-rails-console (2.3.0) sha256=32fc936a8f142837d1da8a9067d224356db7c9beb1baa63a64be6527421332bc
  capistrano-rbenv (2.2.0) sha256=3c8f39b7c624f3806630dcb475484bb3579aef07a40efe85089d83f64b0c35f5
  capistrano-yarn (2.0.2) sha256=891e70fd932c6ba66cea9893083a0e0c8a25734d205912025a85ee608016affd
  capybara (3.40.0) sha256=42dba720578ea1ca65fd7a41d163dd368502c191804558f6e0f71b391054aeef
  chronic (0.10.2) sha256=766f2fcce6ac3cc152249ed0f2b827770d3e517e2e87c5fba7ed74f4889d2dc3
  codecov (0.2.12) sha256=4b5e565ad5b3fd384341fd2e4b9993fcce6f0ceba0acdb797af5c92cf3bb0463
  color (2.2.0) sha256=19b710e59d3985e85bc1292a3c60d63695b4f6aa5248c406fb00c46fec003280
  concurrent-ruby (1.3.6) sha256=6b56837e1e7e5292f9864f34b69c5a2cbc75c0cf5338f1ce9903d10fa762d5ab
  connection_pool (2.5.5) sha256=e54ff92855753df1fd7c59fa04a398833355f27dd14c074f8c83a05f72a716ad
  crass (1.0.6) sha256=dc516022a56e7b3b156099abc81b6d2b08ea1ed12676ac7a5657617f012bd45d
  csv (3.3.5) sha256=6e5134ac3383ef728b7f02725d9872934f523cb40b961479f69cf3afa6c8e73f
  database_cleaner-active_record (2.2.2) sha256=88296b9f3088c31f7c0d4fcec10f68e4b71c96698043916de59b04debec10388
  database_cleaner-core (2.1.0) sha256=b2875266d9b26b716e8b669c883e01c5250839f6f2ec56422b5e79aa97fb6927
  date (3.5.1) sha256=750d06384d7b9c15d562c76291407d89e368dda4d4fff957eb94962d325a0dc0
  debug (1.11.1) sha256=2e0b0ac6119f2207a6f8ac7d4a73ca8eb4e440f64da0a3136c30343146e952b6
  declarative (0.0.20) sha256=8021dd6cb17ab2b61233c56903d3f5a259c5cf43c80ff332d447d395b17d9ff9
  devise (5.0.4) sha256=d605f2b85854e74e56ee789e2d398702bc2d06e6bcd894717a670a3199c74cc1
  devise-i18n (1.16.0) sha256=a33306f90f317cfe92753a000064e3ba9dec3cab2d5d01ef40d30f4b6e24e753
  devise-i18n-views (0.3.7) sha256=02e2be6527e55b9d5ce8991e31edcfe7fea34630e241a51a16dcb4ee5034bd90
  diff-lcs (1.6.2) sha256=9ae0d2cba7d4df3075fe8cd8602a8604993efc0dfa934cff568969efb1909962
  docile (1.4.1) sha256=96159be799bfa73cdb721b840e9802126e4e03dfc26863db73647204c727f21e
  dotenv (3.2.0) sha256=e375b83121ea7ca4ce20f214740076129ab8514cd81378161f11c03853fe619d
  drb (2.2.3) sha256=0b00d6fdb50995fe4a45dea13663493c841112e4068656854646f418fda13373
  ed25519 (1.4.0) sha256=16e97f5198689a154247169f3453ef4cfd3f7a47481fde0ae33206cdfdcac506
  erubi (1.13.1) sha256=a082103b0885dbc5ecf1172fede897f9ebdb745a4b97a5e8dc63953db1ee4ad9
  event_stream_parser (1.0.0) sha256=a2683bab70126286f8184dc88f7968ffc4028f813161fb073ec90d171f7de3c8
  exception_notification (5.0.1) sha256=a9698c8d4670ec50f1714fd14a61a9f83da082d3b5535fd830baf3dc75ba28f9
  factory_bot (6.6.0) sha256=1fc1b3b5620ec980a6a27aec1b6ec8c250ca82962e970e8a40f93e8d388d4b89
  factory_bot_rails (6.5.1) sha256=d3cc4851eae4dea8a665ec4a4516895045e710554d2b5ac9e68b94d351bc6d68
  faraday (1.10.5) sha256=b144f1d2b045652fa820b5f532723e1643cc28b93dae911d784e5c5f88e8f6ed
  faraday-em_http (1.0.0) sha256=7a3d4c7079789121054f57e08cd4ef7e40ad1549b63101f38c7093a9d6c59689
  faraday-em_synchrony (1.0.1) sha256=bf3ce45dcf543088d319ab051f80985ea6d294930635b7a0b966563179f81750
  faraday-excon (1.1.0) sha256=b055c842376734d7f74350fe8611542ae2000c5387348d9ba9708109d6e40940
  faraday-httpclient (1.0.1) sha256=4c8ff1f0973ff835be8d043ef16aaf54f47f25b7578f6d916deee8399a04d33b
  faraday-multipart (1.2.0) sha256=7d89a949693714176f612323ca13746a2ded204031a6ba528adee788694ef757
  faraday-net_http (1.0.2) sha256=63992efea42c925a20818cf3c0830947948541fdcf345842755510d266e4c682
  faraday-net_http_persistent (1.2.0) sha256=0b0cbc8f03dab943c3e1cc58d8b7beb142d9df068b39c718cd83e39260348335
  faraday-patron (1.0.0) sha256=dc2cd7b340bb3cc8e36bcb9e6e7eff43d134b6d526d5f3429c7a7680ddd38fa7
  faraday-rack (1.0.0) sha256=ef60ec969a2bb95b8dbf24400155aee64a00fc8ba6c6a4d3968562bcc92328c0
  faraday-retry (1.0.4) sha256=dc659233777fabf96c69c2ffe56c0a5d2c102af90321a42cc6c90157bcd716aa
  faraday_middleware (1.2.1) sha256=d45b78c8ee864c4783fbc276f845243d4a7918a67301c052647bacabec0529e9
  ffi (1.17.4-aarch64-linux-gnu) sha256=b208f06f91ffd8f5e1193da3cae3d2ccfc27fc36fba577baf698d26d91c080df
  ffi (1.17.4-aarch64-linux-musl) sha256=9286b7a615f2676245283aef0a0a3b475ae3aae2bb5448baace630bb77b91f39
  ffi (1.17.4-arm-linux-gnu) sha256=d6dbddf7cb77bf955411af5f187a65b8cd378cb003c15c05697f5feee1cb1564
  ffi (1.17.4-arm-linux-musl) sha256=9d4838ded0465bef6e2426935f6bcc93134b6616785a84ffd2a3d82bc3cf6f95
  ffi (1.17.4-arm64-darwin) sha256=19071aaf1419251b0a46852abf960e77330a3b334d13a4ab51d58b31a937001b
  ffi (1.17.4-x86_64-linux-gnu) sha256=9d3db14c2eae074b382fa9c083fe95aec6e0a1451da249eab096c34002bc752d
  ffi (1.17.4-x86_64-linux-musl) sha256=3fdf9888483de005f8ef8d1cf2d3b20d86626af206cbf780f6a6a12439a9c49e
  gems (1.3.0) sha256=37e7fb834365f39d3c2c649f0a7017288b0fe9ca69d3056b6760b53468b585ae
  geom_craft (0.0.2) sha256=a762a5f18e4542f88f1c783c6c36708aa58e07b075e6ad1cda6c8ade13fb1d41
  get_process_mem (1.0.0) sha256=d54024f3bcbf776a4d6e0155ec2b21bc3ba44e2fd158c4c00c80aa8a36e0b4aa
  gli (2.22.2) sha256=580e8d6c88b0f0f0cb8e8b2ca18c3485ed0f742cece855de46bf8e36202f5db0
  globalid (1.3.0) sha256=05c639ad6eb4594522a0b07983022f04aa7254626ab69445a0e493aa3786ff11
  google-api-client (0.53.0) sha256=41006ef21fe02a70cff39a10aebf84fa7fb5f24c63566ab12b149ff1f1d9d7ff
  google-apis-core (0.18.0) sha256=96b057816feeeab448139ed5b5c78eab7fc2a9d8958f0fbc8217dedffad054ee
  google-apis-discovery_v1 (0.20.0) sha256=6e0fdb80854c063feeed253dedbe777ab1eccd81ce81c94332fd18e7aee3c1c0
  google-apis-generator (0.18.0) sha256=09e7640bf198e05b8f9cc7edacca3c6d62f8123858f7c5aa6acad48423bf401d
  google-cloud-env (2.3.1) sha256=0faac01eb27be78c2591d64433663b1a114f8f7af55a4f819755426cac9178e7
  google-logging-utils (0.2.0) sha256=675462b4ea5affa825a3442694ca2d75d0069455a1d0956127207498fca3df7b
  googleauth (1.17.0) sha256=dbddcaa3b78469fa9392c0e784ab6d8f3f760a1e5f6c6dbbbaa44a612c4198b0
  hashie (5.1.0) sha256=c266471896f323c446ea8207f8ffac985d2718df0a0ba98651a3057096ca3870
  hiredis-client (0.29.0) sha256=dada51c1c5e68eee840093f35e9ecb7d6940696a76359364e952f7938e505cec
  holiday_jp (0.8.1) sha256=2c603de648d174270bffc69355d6dac9a238b5c173236d03a028af07f6390444
  html_format (0.0.11)
  httpclient (2.9.0) sha256=4b645958e494b2f86c2f8a2f304c959baa273a310e77a2931ddb986d83e498c8
  i18n (1.14.8) sha256=285778639134865c5e0f6269e0b818256017e8cde89993fdfcbfb64d088824a5
  image_processing (1.14.0) sha256=754cc169c9c262980889bec6bfd325ed1dafad34f85242b5a07b60af004742fb
  importmap-rails (2.2.3) sha256=7101be2a4dc97cf1558fb8f573a718404c5f6bcfe94f304bf1f39e444feeb16a
  io-console (0.8.2) sha256=d6e3ae7a7cc7574f4b8893b4fca2162e57a825b223a177b7afa236c5ef9814cc
  irb (1.18.0) sha256=de9454a0703a54704b9811a5ef31a60c86949fbf4013fcf244fabc7c775248e3
  jbuilder (2.15.1) sha256=2430bec28fb0cebacb5875b1009cf9d8bc3c303ccb810c4c8b062a4b51457637
  jmespath (1.6.2) sha256=238d774a58723d6c090494c8879b5e9918c19485f7e840f2c1c7532cf84ebcb1
  job-iteration (1.15.0) sha256=a4571cc02588716243b553f95fae88271c55dc85bb8053714aec7b26cb9547fd
  json (2.19.8) sha256=6354310fd76ef69b87d5bd1f38b40d730613baf90b6803d2d0a48f618d32dfaa
  jwt (3.2.0) sha256=5419b1fe37b1da0982bd07051f573a8b8789ab724c2aa7e785e4784a3ed217d7
  kamal (2.11.0) sha256=1408864425e0dec7e0a14d712a3b13f614e9f3a425b7661d3f9d287a51d7dd75
  kaminari (1.2.2) sha256=c4076ff9adccc6109408333f87b5c4abbda5e39dc464bd4c66d06d9f73442a3e
  kaminari-actionview (1.2.2) sha256=1330f6fc8b59a4a4ef6a549ff8a224797289ebf7a3a503e8c1652535287cc909
  kaminari-activerecord (1.2.2) sha256=0dd3a67bab356a356f36b3b7236bcb81cef313095365befe8e98057dd2472430
  kaminari-core (1.2.2) sha256=3bd26fec7370645af40ca73b9426a448d09b8a8ba7afa9ba3c3e0d39cdbb83ff
  language_server-protocol (3.17.0.5) sha256=fd1e39a51a28bf3eec959379985a72e296e9f9acfce46f6a79d31ca8760803cc
  lint_roller (1.1.0) sha256=2c0c845b632a7d172cb849cc90c1bce937a28c5c8ccccb50dfd46a485003cc87
  logger (1.7.0) sha256=196edec7cc44b66cfb40f9755ce11b392f21f7967696af15d274dde7edff0203
  loofah (2.25.1) sha256=d436c73dbd0c1147b16c4a41db097942d217303e1f7728704b37e4df9f6d2e04
  mail (2.9.0) sha256=6fa6673ecd71c60c2d996260f9ee3dd387d4673b8169b502134659ece6d34941
  maintenance_tasks (2.17.0) sha256=061267305fc37e0e7df8057372bfca2add125d46a502dda420fdd09782fc009e
  marcel (1.2.1) sha256=1678e9360e32f9eafa917c80029e2f6d10b2715c66a4b87b6d0da9b9cd1f859f
  matrix (0.4.3) sha256=a0d5ab7ddcc1973ff690ab361b67f359acbb16958d1dc072b8b956a286564c5b
  memory_record (0.0.22) sha256=0eaed36d6a06edb4c3f5ff8626cd90705fc9aea7d5c755b449c77ddab89fa0a2
  mini_magick (5.3.1) sha256=29395dfd76badcabb6403ee5aff6f681e867074f8f28ce08d78661e9e4a351c4
  mini_mime (1.1.5) sha256=8681b7e2e4215f2a159f9400b5816d85e9d8c6c6b491e96a12797e798f8bccef
  minitest (6.0.6) sha256=153ea36d1d987a62942382b61075745042a2b3123b1cd48f4c3675af9cc7d6f1
  minitest-power_assert (0.3.1) sha256=67a526d1fc91786ca20d0435765612daa4f1e7f33a57254bac7bcbbeaca15fb5
  msgpack (1.8.1) sha256=3fef787cd3965fd119c08a22724a56a93ca25008c3421fc15039f603a8b7c86c
  multi_json (1.21.1) sha256=e6126a31808e3b4d19f483c775ceac34df190dffa62adfb63a165ee14ba68080
  multi_xml (0.9.1) sha256=7ce766b59c17241ed62976caeae1fae9b2431b263398c35396239a68c4a64e57
  multipart-post (2.4.1) sha256=9872d03a8e552020ca096adadbf5e3cb1cd1cdd6acd3c161136b8a5737cdb4a8
  mutex_m (0.3.0) sha256=cfcb04ac16b69c4813777022fdceda24e9f798e48092a2b817eb4c0a782b0751
  net-imap (0.6.4) sha256=9a5598c67a3022c284d98430ef1d4948e7dbdb62596f61081ea8ca933270a02b
  net-pop (0.1.2) sha256=848b4e982013c15b2f0382792268763b748cce91c9e91e36b0f27ed26420dff3
  net-protocol (0.2.2) sha256=aa73e0cba6a125369de9837b8d8ef82a61849360eba0521900e2c3713aa162a8
  net-scp (4.1.0) sha256=a99b0b92a1e5d360b0de4ffbf2dc0c91531502d3d4f56c28b0139a7c093d1a5d
  net-sftp (4.0.0) sha256=65bb91c859c2f93b09826757af11b69af931a3a9155050f50d1b06d384526364
  net-smtp (0.5.1) sha256=ed96a0af63c524fceb4b29b0d352195c30d82dd916a42f03c62a3a70e5b70736
  net-ssh (7.3.2) sha256=65029e213c380e20e5fd92ece663934ab0a0fe888e0cd7cc6a5b664074362dd4
  nio4r (2.7.5) sha256=6c90168e48fb5f8e768419c93abb94ba2b892a1d0602cb06eef16d8b7df1dca1
  nkf (0.2.0) sha256=fbc151bda025451f627fafdfcb3f4f13d0b22ae11f58c6d3a2939c76c5f5f126
  nokogiri (1.19.3-aarch64-linux-gnu) sha256=46b89e5d7b9e844c2ee360794240c6ea2a4e6fa0c5892a4ed487db621224b639
  nokogiri (1.19.3-aarch64-linux-musl) sha256=8392dfdcd21be7a94dbbe9ccc138dea01b97b24cb2dc02a114ca98bfb1d9a0b7
  nokogiri (1.19.3-arm-linux-gnu) sha256=3919d5ffc334ad778a4a9eb88fda7dcb8b1fb58c8a52ac640c6dcd2f038e774f
  nokogiri (1.19.3-arm-linux-musl) sha256=9ce1cb6346bb9c67b1550eb537aa183ead91e4b6eadb2f36ade02d8dd2a79fb6
  nokogiri (1.19.3-arm64-darwin) sha256=71b9bd424b1b7abc18b05052a1a3cfd3627abdca62be280854cc411791357e42
  nokogiri (1.19.3-x86_64-linux-gnu) sha256=2f5078620fe12e83669b5b17311b32532a8153d02eee7ad06948b926d6080976
  nokogiri (1.19.3-x86_64-linux-musl) sha256=248c906d2166eca5efb56d52fdee5f9a1f51d69a72e2b64fdac647b4ce39ea3f
  oauth2 (2.0.20) sha256=790c6316346da12f9dcaf27a67530f802950af05d35c3874918da84f2deae674
  observer (0.1.2) sha256=d8a3107131ba661138d748e7be3dbafc0d82e732fffba9fccb3d7829880950ac
  omniauth (2.1.4) sha256=42a05b0496f0d22e1dd85d42aaf602f064e36bb47a6826a27ab55e5ba608763c
  omniauth-github (2.0.1) sha256=8ff8e70ac6d6db9d52485eef52cfa894938c941496e66b52b5e2773ade3ccad4
  omniauth-google-oauth2 (1.2.2) sha256=74c3f3d0221c048f938846092fb15a1f15237526f50a7c93d9793f9a4ff1be11
  omniauth-oauth2 (1.9.0) sha256=ed15f6d9d20991807ce114cc5b9c1453bce3645b64e51c68c90cff5ff153fee8
  omniauth-rails_csrf_protection (2.0.1) sha256=c6e3204d7e3925bb537cb52d50fdfc9f05293f1a9d87c5d4ab4ca3a39ba8c32d
  omniauth-twitter2 (1.2.0) sha256=f71a396b89b38d021bd94b59445da5b77aba0e39c0a16ae552fc26cd11d18e9a
  orm_adapter (0.5.0) sha256=aa5d0be5d540cbb46d3a93e88061f4ece6a25f6e97d6a47122beb84fe595e9b9
  os (1.1.4) sha256=57816d6a334e7bd6aed048f4b0308226c5fb027433b67d90a9ab435f35108d3f
  ostruct (0.6.3) sha256=95a2ed4a4bd1d190784e666b47b2d3f078e4a9efda2fccf18f84ddc6538ed912
  parallel (2.1.0) sha256=b35258865c2e31134c5ecb708beaaf6772adf9d5efae28e93e99260877b09356
  parser (3.3.11.1) sha256=d17ace7aabe3e72c3cc94043714be27cc6f852f104d81aa284c2281aecc65d54
  pkg-config (1.6.5) sha256=33f9f81c5322983d22b439b8b672f27777b406fea23bfec74ff14bbeb42ec733
  power_assert (3.0.1) sha256=8ce9876716cc74e863fcd4cdcdc52d792bd983598d1af3447083a3a9a4d34103
  pp (0.6.3) sha256=2951d514450b93ccfeb1df7d021cae0da16e0a7f95ee1e2273719669d0ab9df6
  prettyprint (0.2.0) sha256=2bc9e15581a94742064a3cc8b0fb9d45aae3d03a1baa6ef80922627a0766f193
  prism (1.9.0) sha256=7b530c6a9f92c24300014919c9dcbc055bf4cdf51ec30aed099b06cd6674ef85
  propshaft (1.3.2) sha256=1d56a3e56a92c21bfc29caf07406b5386b00d4c47ddf357cf989a5a234b1389e
  pstore (0.2.1) sha256=03904d0f2c66579e96d1e6704cdabc0c88df7ea8ed8782d9f3569f6f6c702c1a
  psych (3.3.4) sha256=f0aae8574d0c86b711472e6a57cc036655e2549f02390ca7266f3b6d1814d1a0
  public_suffix (7.0.5) sha256=1a8bb08f1bbea19228d3bed6e5ed908d1cb4f7c2726d18bd9cadf60bc676f623
  puma (8.0.2) sha256=c8ed871dfbbe66448ea9ffd46692342d9804d4071522b52b5331b7b6e7b686fb
  puma_worker_killer (1.0.0) sha256=12dc54feecb1758df70d9f4788841423c5416aa370feda4e51e2112a5ff909e9
  racc (1.8.1) sha256=4a7f6929691dbec8b5209a0b373bc2614882b55fc5d2e447a21aaa691303d62f
  rack (3.2.6) sha256=5ed78e1f73b2e25679bec7d45ee2d4483cc4146eb1be0264fc4d94cb5ef212c2
  rack-cors (3.0.0) sha256=7b95be61db39606906b61b83bd7203fa802b0ceaaad8fcb2fef39e097bf53f68
  rack-protection (4.2.1) sha256=cf6e2842df8c55f5e4d1a4be015e603e19e9bc3a7178bae58949ccbb58558bac
  rack-session (2.1.2) sha256=595434f8c0c3473ae7d7ac56ecda6cc6dfd9d37c0b2b5255330aa1576967ffe8
  rack-test (2.2.0) sha256=005a36692c306ac0b4a9350355ee080fd09ddef1148a5f8b2ac636c720f5c463
  rack-user_agent (0.6.0) sha256=1cc967dc6289b68a56597298a30986da8eafdb0b24b098d580bf3593cc3e2a8c
  rackup (2.3.1) sha256=6c79c26753778e90983761d677a48937ee3192b3ffef6bc963c0950f94688868
  rails (8.1.3) sha256=6d017ba5348c98fc909753a8169b21d44de14d2a0b92d140d1a966834c3c9cd3
  rails-controller-testing (1.0.5) sha256=741448db59366073e86fc965ba403f881c636b79a2c39a48d0486f2607182e94
  rails-dom-testing (2.3.0) sha256=8acc7953a7b911ca44588bf08737bc16719f431a1cc3091a292bca7317925c1d
  rails-html-sanitizer (1.7.0) sha256=28b145cceaf9cc214a9874feaa183c3acba036c9592b19886e0e45efc62b1e89
  rails-i18n (8.1.0) sha256=52d5fd6c0abef28d84223cc05647f6ae0fd552637a1ede92deee9545755b6cf3
  rails_autolink (1.1.8) sha256=fbcb9d2e5f2cea9435a32e5f12556c7a9b7ed6867889fb9cf5eac405049bfc3a
  railties (8.1.3) sha256=913eb0e0cb520aac687ffd74916bd726d48fa21f47833c6292576ef6a286de22
  rainbow (3.1.1) sha256=039491aa3a89f42efa1d6dec2fc4e62ede96eb6acd95e52f1ad581182b79bc6a
  rake (13.4.2) sha256=cb825b2bd5f1f8e91ca37bddb4b9aaf345551b4731da62949be002fa89283701
  rdoc (6.3.4.1) sha256=0e1c30d007ed66b25698dea49bbdb5b50e6b25a04a851023d9b9d0317c0dc083
  redis (5.4.1) sha256=b5e675b57ad22b15c9bcc765d5ac26f60b675408af916d31527af9bd5a81faae
  redis-client (0.29.0) sha256=0c65bf1f8f6dca22063ddb085c0bb2054feef6f03a84869f4161b18a9a15bea3
  regexp_parser (2.12.0) sha256=35a916a1d63190ab5c9009457136ae5f3c0c7512d60291d0d1378ba18ce08ebb
  reline (0.6.3) sha256=1198b04973565b36ec0f11542ab3f5cfeeec34823f4e54cebde90968092b1835
  representable (3.2.0) sha256=cc29bf7eebc31653586849371a43ffe36c60b54b0a6365b5f7d95ec34d1ebace
  responders (3.2.0) sha256=89c2d6ac0ae16f6458a11524cae4a8efdceba1a3baea164d28ee9046bd3df55a
  retriable (3.8.0) sha256=9f2f1b0207594c7817f17f671587b8ec7587387ac6cebda6c941a802bb98a8e5
  retryable (3.0.5) sha256=c9f3dd6836bacf59c08b3f33548416debca7c0757e0c008d35df32ec9266d55f
  rexml (3.4.4) sha256=19e0a2c3425dfbf2d4fc1189747bdb2f849b6c5e74180401b15734bc97b5d142
  rmagick (7.0.3) sha256=1ccd2009ef4ecbab92adf67984fcd169f66edf9add3bd525505d10d7e743e41b
  rspec (3.13.2) sha256=206284a08ad798e61f86d7ca3e376718d52c0bc944626b2349266f239f820587
  rspec-core (3.13.6) sha256=a8823c6411667b60a8bca135364351dda34cd55e44ff94c4be4633b37d828b2d
  rspec-expectations (3.13.5) sha256=33a4d3a1d95060aea4c94e9f237030a8f9eae5615e9bd85718fe3a09e4b58836
  rspec-mocks (3.13.8) sha256=086ad3d3d17533f4237643de0b5c42f04b66348c28bf6b9c2d3f4a3b01af1d47
  rspec-rails (8.0.4) sha256=06235692fc0892683d3d34977e081db867434b3a24ae0dd0c6f3516bad4e22df
  rspec-support (3.13.7) sha256=0640e5570872aafefd79867901deeeeb40b0c9875a36b983d85f54fb7381c47c
  rubocop (1.87.0) sha256=b9d9ddf55116a513f8ef2c7ae660662d8b49301f118d3f0df61865b33a5c188d
  rubocop-ast (1.49.1) sha256=4412f3ee70f6fe4546cc489548e0f6fcf76cafcfa80fa03af67098ffed755035
  rubocop-performance (1.26.1) sha256=cd19b936ff196df85829d264b522fd4f98b6c89ad271fa52744a8c11b8f71834
  rubocop-rails (2.35.3) sha256=6edd45410866912b9b2e90ae3aeafd31d576df2bb2a9c9408f1667a50c32c7de
  rubocop-rails-omakase (1.1.0) sha256=2af73ac8ee5852de2919abbd2618af9c15c19b512c4cfc1f9a5d3b6ef009109d
  ruby-openai (8.3.0) sha256=566dc279c42f4afed68a7a363dce2e594078abfc36b4e043102020b9a387ca69
  ruby-progressbar (1.13.0) sha256=80fc9c47a9b640d6834e0dc7b3c94c9df37f08cb072b7761e4a71e22cff29b33
  ruby-vips (2.3.0) sha256=e685ec02c13969912debbd98019e50492e12989282da5f37d05f5471442f5374
  ruby2_keywords (0.0.5) sha256=ffd13740c573b7301cf7a2e61fc857b2a8e3d3aff32545d6f8300d8bae10e3ef
  rubyzip (2.3.2) sha256=3f57e3935dc2255c414484fbf8d673b4909d8a6a57007ed754dde39342d2373f
  securerandom (0.4.1) sha256=cc5193d414a4341b6e225f0cb4446aceca8e50d5e1888743fac16987638ea0b1
  selenium-webdriver (4.44.0) sha256=6f1df072529af369589c46f0e01132952aabb250cfd683c274d74dc1eb5d8477
  sidekiq (7.3.10) sha256=781eb4f65ef36042534ad73d72f211283afb7fee82eec786ada4ed1972ef8e3c
  signet (0.22.0) sha256=b76d495ccb07ad35dbc89f3e920665a9d8ed717141955034005d7843dcfe4780
  simplecov (0.22.0) sha256=fe2622c7834ff23b98066bb0a854284b2729a569ac659f82621fc22ef36213a5
  simplecov-html (0.13.2) sha256=bd0b8e54e7c2d7685927e8d6286466359b6f16b18cb0df47b508e8d73c777246
  simplecov_json_formatter (0.1.4) sha256=529418fbe8de1713ac2b2d612aa3daa56d316975d307244399fa4838c601b428
  slack-notifier (2.4.0) sha256=cd9aba3f5f3e6227f73df1f6a33ac6c127c5fac35b513b86b7ba900cd98d2b00
  slack-ruby-client (1.0.0) sha256=fc8123c93fbaf847613d283bfa75fe47b5c4e2ac3eb31a1f4095649d923a0644
  snaky_hash (2.0.4) sha256=2b12758c57defa6796341a1620f84b1a23737421d8d7e2575d0550b53cc4fece
  sshkit (1.25.0) sha256=c8c6543cdb60f91f1d277306d585dd11b6a064cb44eab0972827e4311ff96744
  sshkit-interactive (0.3.0) sha256=c9e3fac8633d3d7bd35b2627aafc582c2335bd8c18d753daac5efb4415a89a3c
  stimulus-rails (1.3.4) sha256=765676ffa1f33af64ce026d26b48e8ffb2e0b94e0f50e9119e11d6107d67cb06
  systemu (2.6.5) sha256=01f7d014b1453b28e5781e15c4d7d63fc9221c29b174b7aae5253207a75ab33e
  table_format (0.0.17) sha256=dc6ae81a4c40f91bf1aaaee16621fd8bc17c93be3327d9457d568b0d3711d352
  tailwindcss-rails (4.4.0) sha256=efa2961351a52acebe616e645a81a30bb4f27fde46cc06ce7688d1cd1131e916
  tailwindcss-ruby (4.3.0) sha256=4fd3219d97419d2b4f8c0f52c8a73972e55e29a0e0da38fb5fe8a16bf1a68b51
  tailwindcss-ruby (4.3.0-aarch64-linux-gnu) sha256=e43b94aba29785bba71b5868bab29b63ae48911fee038b2b5e9e5148baca3886
  tailwindcss-ruby (4.3.0-aarch64-linux-musl) sha256=ae2aff1e8482a9ba8723b57fbfa50cbf009788587ca9763f00489f3c5639e6ef
  tailwindcss-ruby (4.3.0-arm64-darwin) sha256=828f49ddb3f19f67b36a1c5cb5c25175f7c93619a2ecf66e95d74408db9b73fd
  tailwindcss-ruby (4.3.0-x86_64-linux-gnu) sha256=0d1b0f491990c735d2f7bf5dbaedf33ddc635fd800b7244b39b30b25a8616cb2
  tailwindcss-ruby (4.3.0-x86_64-linux-musl) sha256=71e83a3f5f40e1cd7c28e7e6328a9c899cb2c0c98f6b42f29de968fff221ef75
  thor (1.5.0) sha256=e3a9e55fe857e44859ce104a84675ab6e8cd59c650a49106a05f55f136425e73
  thruster (0.1.21) sha256=dc67928f36e5894844579a95e45637a5091db7a7ea05468ee8c2c6eb0a3f77cf
  thruster (0.1.21-aarch64-linux) sha256=f5aff78fb7a6431ed3d6ab4bde03a89c461e9a73981dbc97d6990d85c3db235c
  thruster (0.1.21-arm64-darwin) sha256=bd8db9f57fae2cbb3fe08ebab49cb47fe49608122dac23daf0ce709adfb9bfc8
  thruster (0.1.21-x86_64-linux) sha256=6e2fbcf826540a72d3710ae4db072c2333287ac2ee57e7e52f35bc10900d74a7
  timecop (0.9.11) sha256=41284dc6e5041f2184f781ace766f942108c842f8d8c1386a26e6343decc7542
  timeout (0.6.1) sha256=78f57368a7e7bbadec56971f78a3f5ecbcfb59b7fcbb0a3ed6ddc08a5094accb
  trailblazer-option (0.1.2) sha256=20e4f12ea4e1f718c8007e7944ca21a329eee4eed9e0fa5dde6e8ad8ac4344a3
  tree_support (0.1.9) sha256=95d9767559b6498a4337e2e438b3be1ca105456833a7096cde95e7b121659495
  trilogy (2.12.5) sha256=9d930b1cd7b28ac6bb11c0f975ab040206073a767f1b7672f154339fc2c0cd71
  tsort (0.2.0) sha256=9650a793f6859a43b6641671278f79cfead60ac714148aabe4e3f0060480089f
  turbo-rails (2.0.23) sha256=ee0d90733aafff056cf51ff11e803d65e43cae258cc55f6492020ec1f9f9315f
  tzinfo (2.0.6) sha256=8daf828cc77bcf7d63b0e3bdb6caa47e2272dcfaf4fbfe46f8c3a9df087a829b
  uber (0.1.0) sha256=5beeb407ff807b5db994f82fa9ee07cfceaa561dad8af20be880bc67eba935dc
  unicode-display_width (3.2.0) sha256=0cdd96b5681a5949cdbc2c55e7b420facae74c4aaf9a9815eee1087cb1853c42
  unicode-emoji (4.2.0) sha256=519e69150f75652e40bf736106cfbc8f0f73aa3fb6a65afe62fefa7f80b0f80f
  uri (1.1.1) sha256=379fa58d27ffb1387eaada68c749d1426738bd0f654d812fcc07e7568f5c57c6
  useragent (0.16.11) sha256=700e6413ad4bb954bb63547fa098dddf7b0ebe75b40cc6f93b8d54255b173844
  version_gem (1.1.10) sha256=d0575dc9f2949b2db9497051f96e5c36d7c6c2f2e81afd1a73cacccd4690e506
  warden (1.2.9) sha256=46684f885d35a69dbb883deabf85a222c8e427a957804719e143005df7a1efd0
  web-console (4.3.0) sha256=e13b71301cdfc2093f155b5aa3a622db80b4672d1f2f713119cc7ec7ac6a6da4
  websocket (1.2.11) sha256=b7e7a74e2410b5e85c25858b26b3322f29161e300935f70a0e0d3c35e0462737
  websocket-driver (0.8.1) sha256=5ab238238ce230e5d4b262d2be39624c867914eab99171dc4952b58b577c2d96
  websocket-extensions (0.1.5) sha256=1c6ba63092cda343eb53fc657110c71c754c56484aad42578495227d717a8241
  whenever (1.1.2) sha256=af139a25cf6b5c7d2122686724c0b9a4a7495135a1f79a404e29f4cce48abd83
  woothee (1.13.0) sha256=cc8d762be27f391e5c3f6f8eb74c28622b293e1a6aa56588d38feb04220ee375
  xpath (3.2.0) sha256=6dfda79d91bb3b949b947ecc5919f042ef2f399b904013eb3ef6d20dd3a4082e
  zeitwerk (2.8.2) sha256=7212a61311083c604184b1ea2574b9aa05cd14f855a0841c06985cabe9181d12

RUBY VERSION
  ruby 4.0.5

BUNDLED WITH
  4.0.12
